// !$*UTF8*$!
{
	archiveVersion = 1;
	classes = {
	};
	objectVersion = 50;
	objects = {

/* Begin PBXBuildFile section */
		117B8B422142A94B009B832D /* AppDelegate.swift in Sources */ = {isa = PBXBuildFile; fileRef = 117B8B412142A94B009B832D /* AppDelegate.swift */; };
		117B8B442142A94B009B832D /* ViewController.swift in Sources */ = {isa = PBXBuildFile; fileRef = 117B8B432142A94B009B832D /* ViewController.swift */; };
		117B8B472142A94B009B832D /* Main.storyboard in Resources */ = {isa = PBXBuildFile; fileRef = 117B8B452142A94B009B832D /* Main.storyboard */; };
		117B8B492142A94D009B832D /* Assets.xcassets in Resources */ = {isa = PBXBuildFile; fileRef = 117B8B482142A94D009B832D /* Assets.xcassets */; };
		117B8B4C2142A94D009B832D /* LaunchScreen.storyboard in Resources */ = {isa = PBXBuildFile; fileRef = 117B8B4A2142A94D009B832D /* LaunchScreen.storyboard */; };
		117B8B542142B458009B832D /* JGModel.swift in Sources */ = {isa = PBXBuildFile; fileRef = 117B8B532142B458009B832D /* JGModel.swift */; };
		5214602FA33E8AD308690FA7 /* Pods_JokeGenerator.framework in Frameworks */ = {isa = PBXBuildFile; fileRef = 3A6CAD5F7BCAD74531F6DE48 /* Pods_JokeGenerator.framework */; };
/* End PBXBuildFile section */

/* Begin PBXFileReference section */
		0255D7C9827E618BF15218AC /* Pods-JokeGenerator.release.xcconfig */ = {isa = PBXFileReference; includeInIndex = 1; lastKnownFileType = text.xcconfig; name = "Pods-JokeGenerator.release.xcconfig"; path = "Pods/Target Support Files/Pods-JokeGenerator/Pods-JokeGenerator.release.xcconfig"; sourceTree = "<group>"; };
		117B8B3E2142A94B009B832D /* JokeGenerator.app */ = {isa = PBXFileReference; explicitFileType = wrapper.application; includeInIndex = 0; path = JokeGenerator.app; sourceTree = BUILT_PRODUCTS_DIR; };
		117B8B412142A94B009B832D /* AppDelegate.swift */ = {isa = PBXFileReference; lastKnownFileType = sourcecode.swift; path = AppDelegate.swift; sourceTree = "<group>"; };
		117B8B432142A94B009B832D /* ViewController.swift */ = {isa = PBXFileReference; lastKnownFileType = sourcecode.swift; path = ViewController.swift; sourceTree = "<group>"; };
		117B8B462142A94B009B832D /* Base */ = {isa = PBXFileReference; lastKnownFileType = file.storyboard; name = Base; path = Base.lproj/Main.storyboard; sourceTree = "<group>"; };
		117B8B482142A94D009B832D /* Assets.xcassets */ = {isa = PBXFileReference; lastKnownFileType = folder.assetcatalog; path = Assets.xcassets; sourceTree = "<group>"; };
		117B8B4B2142A94D009B832D /* Base */ = {isa = PBXFileReference; lastKnownFileType = file.storyboard; name = Base; path = Base.lproj/LaunchScreen.storyboard; sourceTree = "<group>"; };
		117B8B4D2142A94D009B832D /* Info.plist */ = {isa = PBXFileReference; lastKnownFileType = text.plist.xml; path = Info.plist; sourceTree = "<group>"; };
		117B8B532142B458009B832D /* JGModel.swift */ = {isa = PBXFileReference; lastKnownFileType = sourcecode.swift; path = JGModel.swift; sourceTree = "<group>"; };
		3A6CAD5F7BCAD74531F6DE48 /* Pods_JokeGenerator.framework */ = {isa = PBXFileReference; explicitFileType = wrapper.framework; includeInIndex = 0; path = Pods_JokeGenerator.framework; sourceTree = BUILT_PRODUCTS_DIR; };
		6C92672D1A30AC05A3B7380E /* Pods-JokeGenerator.debug.xcconfig */ = {isa = PBXFileReference; includeInIndex = 1; lastKnownFileType = text.xcconfig; name = "Pods-JokeGenerator.debug.xcconfig"; path = "Pods/Target Support Files/Pods-JokeGenerator/Pods-JokeGenerator.debug.xcconfig"; sourceTree = "<group>"; };
/* End PBXFileReference section */

/* Begin PBXFrameworksBuildPhase section */
		117B8B3B2142A94B009B832D /* Frameworks */ = {
			isa = PBXFrameworksBuildPhase;
			buildActionMask = 2147483647;
			files = (
				5214602FA33E8AD308690FA7 /* Pods_JokeGenerator.framework in Frameworks */,
			);
			runOnlyForDeploymentPostprocessing = 0;
		};
/* End PBXFrameworksBuildPhase section */

/* Begin PBXGroup section */
		117B8B352142A94B009B832D = {
			isa = PBXGroup;
			children = (
				117B8B402142A94B009B832D /* JokeGenerator */,
				117B8B3F2142A94B009B832D /* Products */,
				DEDFFC78558AA4F1418D7838 /* Pods */,
				DB889BF0DD7A9B74126DAF62 /* Frameworks */,
			);
			sourceTree = "<group>";
		};
		117B8B3F2142A94B009B832D /* Products */ = {
			isa = PBXGroup;
			children = (
				117B8B3E2142A94B009B832D /* JokeGenerator.app */,
			);
			name = Products;
			sourceTree = "<group>";
		};
		117B8B402142A94B009B832D /* JokeGenerator */ = {
			isa = PBXGroup;
			children = (
				117B8B412142A94B009B832D /* AppDelegate.swift */,
				117B8B432142A94B009B832D /* ViewController.swift */,
				117B8B532142B458009B832D /* JGModel.swift */,
				117B8B452142A94B009B832D /* Main.storyboard */,
				117B8B482142A94D009B832D /* Assets.xcassets */,
				117B8B4A2142A94D009B832D /* LaunchScreen.storyboard */,
				117B8B4D2142A94D009B832D /* Info.plist */,
			);
			path = JokeGenerator;
			sourceTree = "<group>";
		};
		DB889BF0DD7A9B74126DAF62 /* Frameworks */ = {
			isa = PBXGroup;
			children = (
				3A6CAD5F7BCAD74531F6DE48 /* Pods_JokeGenerator.framework */,
			);
			name = Frameworks;
			sourceTree = "<group>";
		};
		DEDFFC78558AA4F1418D7838 /* Pods */ = {
			isa = PBXGroup;
			children = (
				6C92672D1A30AC05A3B7380E /* Pods-JokeGenerator.debug.xcconfig */,
				0255D7C9827E618BF15218AC /* Pods-JokeGenerator.release.xcconfig */,
			);
			name = Pods;
			sourceTree = "<group>";
		};
/* End PBXGroup section */

/* Begin PBXNativeTarget section */
		117B8B3D2142A94B009B832D /* JokeGenerator */ = {
			isa = PBXNativeTarget;
			buildConfigurationList = 117B8B502142A94D009B832D /* Build configuration list for PBXNativeTarget "JokeGenerator" */;
			buildPhases = (
				218DD0D49450236EE83A8BD8 /* [CP] Check Pods Manifest.lock */,
				117B8B3A2142A94B009B832D /* Sources */,
				117B8B3B2142A94B009B832D /* Frameworks */,
				117B8B3C2142A94B009B832D /* Resources */,
				3CC616138D2DA81761A17621 /* [CP] Embed Pods Frameworks */,
			);
			buildRules = (
			);
			dependencies = (
			);
			name = JokeGenerator;
			productName = JokeGenerator;
			productReference = 117B8B3E2142A94B009B832D /* JokeGenerator.app */;
			productType = "com.apple.product-type.application";
		};
/* End PBXNativeTarget section */

/* Begin PBXProject section */
		117B8B362142A94B009B832D /* Project object */ = {
			isa = PBXProject;
			attributes = {
				LastSwiftUpdateCheck = 0940;
				LastUpgradeCheck = 0940;
				ORGANIZATIONNAME = "Nikita Kostash";
				TargetAttributes = {
					117B8B3D2142A94B009B832D = {
						CreatedOnToolsVersion = 9.4;
					};
				};
			};
			buildConfigurationList = 117B8B392142A94B009B832D /* Build configuration list for PBXProject "JokeGenerator" */;
			compatibilityVersion = "Xcode 9.3";
			developmentRegion = en;
			hasScannedForEncodings = 0;
			knownRegions = (
				en,
				Base,
			);
			mainGroup = 117B8B352142A94B009B832D;
			productRefGroup = 117B8B3F2142A94B009B832D /* Products */;
			projectDirPath = "";
			projectRoot = "";
			targets = (
				117B8B3D2142A94B009B832D /* JokeGenerator */,
			);
		};
/* End PBXProject section */

/* Begin PBXResourcesBuildPhase section */
		117B8B3C2142A94B009B832D /* Resources */ = {
			isa = PBXResourcesBuildPhase;
			buildActionMask = 2147483647;
			files = (
				117B8B4C2142A94D009B832D /* LaunchScreen.storyboard in Resources */,
				117B8B492142A94D009B832D /* Assets.xcassets in Resources */,
				117B8B472142A94B009B832D /* Main.storyboard in Resources */,
			);
			runOnlyForDeploymentPostprocessing = 0;
		};
/* End PBXResourcesBuildPhase section */

/* Begin PBXShellScriptBuildPhase section */
		218DD0D49450236EE83A8BD8 /* [CP] Check Pods Manifest.lock */ = {
			isa = PBXShellScriptBuildPhase;
			buildActionMask = 2147483647;
			files = (
			);
			inputPaths = (
				"${PODS_PODFILE_DIR_PATH}/Podfile.lock",
				"${PODS_ROOT}/Manifest.lock",
			);
			name = "[CP] Check Pods Manifest.lock";
			outputPaths = (
				"$(DERIVED_FILE_DIR)/Pods-JokeGenerator-checkManifestLockResult.txt",
			);
			runOnlyForDeploymentPostprocessing = 0;
			shellPath = /bin/sh;
			shellScript = "diff \"${PODS_PODFILE_DIR_PATH}/Podfile.lock\" \"${PODS_ROOT}/Manifest.lock\" > /dev/null\nif [ $? != 0 ] ; then\n    # print error to STDERR\n    echo \"error: The sandbox is not in sync with the Podfile.lock. Run 'pod install' or update your CocoaPods installation.\" >&2\n    exit 1\nfi\n# This output is used by Xcode 'outputs' to avoid re-running this script phase.\necho \"SUCCESS\" > \"${SCRIPT_OUTPUT_FILE_0}\"\n";
			showEnvVarsInLog = 0;
		};
		3CC616138D2DA81761A17621 /* [CP] Embed Pods Frameworks */ = {
			isa = PBXShellScriptBuildPhase;
			buildActionMask = 2147483647;
			files = (
			);
			inputPaths = (
				"${SRCROOT}/Pods/Target Support Files/Pods-JokeGenerator/Pods-JokeGenerator-frameworks.sh",
				"${BUILT_PRODUCTS_DIR}/Alamofire/Alamofire.framework",
				"${BUILT_PRODUCTS_DIR}/SwiftyJSON/SwiftyJSON.framework",
			);
			name = "[CP] Embed Pods Frameworks";
			outputPaths = (
				"${TARGET_BUILD_DIR}/${FRAMEWORKS_FOLDER_PATH}/Alamofire.framework",
				"${TARGET_BUILD_DIR}/${FRAMEWORKS_FOLDER_PATH}/SwiftyJSON.framework",
			);
			runOnlyForDeploymentPostprocessing = 0;
			shellPath = /bin/sh;
			shellScript = "\"${SRCROOT}/Pods/Target Support Files/Pods-JokeGenerator/Pods-JokeGenerator-frameworks.sh\"\n";
			showEnvVarsInLog = 0;
		};
/* End PBXShellScriptBuildPhase section */

/* Begin PBXSourcesBuildPhase section */
		117B8B3A2142A94B009B832D /* Sources */ = {
			isa = PBXSourcesBuildPhase;
			buildActionMask = 2147483647;
			files = (
				117B8B442142A94B009B832D /* ViewController.swift in Sources */,
				117B8B542142B458009B832D /* JGModel.swift in Sources */,
				117B8B422142A94B009B832D /* AppDelegate.swift in Sources */,
			);
			runOnlyForDeploymentPostprocessing = 0;
		};
/* End PBXSourcesBuildPhase section */

/* Begin PBXVariantGroup section */
		117B8B452142A94B009B832D /* Main.storyboard */ = {
			isa = PBXVariantGroup;
			children = (
				117B8B462142A94B009B832D /* Base */,
			);
			name = Main.storyboard;
			sourceTree = "<group>";
		};
		117B8B4A2142A94D009B832D /* LaunchScreen.storyboard */ = {
			isa = PBXVariantGroup;
			children = (
				117B8B4B2142A94D009B832D /* Base */,
			);
			name = LaunchScreen.storyboard;
			sourceTree = "<group>";
		};
/* End PBXVariantGroup section */

/* Begin XCBuildConfiguration section */
		117B8B4E2142A94D009B832D /* Debug */ = {
			isa = XCBuildConfiguration;
			buildSettings = {
				ALWAYS_SEARCH_USER_PATHS = NO;
				CLANG_ANALYZER_NONNULL = YES;
				CLANG_ANALYZER_NUMBER_OBJECT_CONVERSION = YES_AGGRESSIVE;
				CLANG_CXX_LANGUAGE_STANDARD = "gnu++14";
				CLANG_CXX_LIBRARY = "libc++";
				CLANG_ENABLE_MODULES = YES;
				CLANG_ENABLE_OBJC_ARC = YES;
				CLANG_ENABLE_OBJC_WEAK = YES;
				CLANG_WARN_BLOCK_CAPTURE_AUTORELEASING = YES;
				CLANG_WARN_BOOL_CONVERSION = YES;
				CLANG_WARN_COMMA = YES;
				CLANG_WARN_CONSTANT_CONVERSION = YES;
				CLANG_WARN_DEPRECATED_OBJC_IMPLEMENTATIONS = YES;
				CLANG_WARN_DIRECT_OBJC_ISA_USAGE = YES_ERROR;
				CLANG_WARN_DOCUMENTATION_COMMENTS = YES;
				CLANG_WARN_EMPTY_BODY = YES;
				CLANG_WARN_ENUM_CONVERSION = YES;
				CLANG_WARN_INFINITE_RECURSION = YES;
				CLANG_WARN_INT_CONVERSION = YES;
				CLANG_WARN_NON_LITERAL_NULL_CONVERSION = YES;
				CLANG_WARN_OBJC_IMPLICIT_RETAIN_SELF = YES;
				CLANG_WARN_OBJC_LITERAL_CONVERSION = YES;
				CLANG_WARN_OBJC_ROOT_CLASS = YES_ERROR;
				CLANG_WARN_RANGE_LOOP_ANALYSIS = YES;
				CLANG_WARN_STRICT_PROTOTYPES = YES;
				CLANG_WARN_SUSPICIOUS_MOVE = YES;
				CLANG_WARN_UNGUARDED_AVAILABILITY = YES_AGGRESSIVE;
				CLANG_WARN_UNREACHABLE_CODE = YES;
				CLANG_WARN__DUPLICATE_METHOD_MATCH = YES;
				CODE_SIGN_IDENTITY = "iPhone Developer";
				COPY_PHASE_STRIP = NO;
				DEBUG_INFORMATION_FORMAT = dwarf;
				ENABLE_STRICT_OBJC_MSGSEND = YES;
				ENABLE_TESTABILITY = YES;
				GCC_C_LANGUAGE_STANDARD = gnu11;
				GCC_DYNAMIC_NO_PIC = NO;
				GCC_NO_COMMON_BLOCKS = YES;
				GCC_OPTIMIZATION_LEVEL = 0;
				GCC_PREPROCESSOR_DEFINITIONS = (
					"DEBUG=1",
					"$(inherited)",
				);
				GCC_WARN_64_TO_32_BIT_CONVERSION = YES;
				GCC_WARN_ABOUT_RETURN_TYPE = YES_ERROR;
				GCC_WARN_UNDECLARED_SELECTOR = YES;
				GCC_WARN_UNINITIALIZED_AUTOS = YES_AGGRESSIVE;
				GCC_WARN_UNUSED_FUNCTION = YES;
				GCC_WARN_UNUSED_VARIABLE = YES;
				IPHONEOS_DEPLOYMENT_TARGET = 11.4;
				MTL_ENABLE_DEBUG_INFO = YES;
				ONLY_ACTIVE_ARCH = YES;
				SDKROOT = iphoneos;
				SWIFT_ACTIVE_COMPILATION_CONDITIONS = DEBUG;
				SWIFT_OPTIMIZATION_LEVEL = "-Onone";
			};
			name = Debug;
		};
		117B8B4F2142A94D009B832D /* Release */ = {
			isa = XCBuildConfiguration;
			buildSettings = {
				ALWAYS_SEARCH_USER_PATHS = NO;
				CLANG_ANALYZER_NONNULL = YES;
				CLANG_ANALYZER_NUMBER_OBJECT_CONVERSION = YES_AGGRESSIVE;
				CLANG_CXX_LANGUAGE_STANDARD = "gnu++14";
				CLANG_CXX_LIBRARY = "libc++";
				CLANG_ENABLE_MODULES = YES;
				CLANG_ENABLE_OBJC_ARC = YES;
				CLANG_ENABLE_OBJC_WEAK = YES;
				CLANG_WARN_BLOCK_CAPTURE_AUTORELEASING = YES;
				CLANG_WARN_BOOL_CONVERSION = YES;
				CLANG_WARN_COMMA = YES;
				CLANG_WARN_CONSTANT_CONVERSION = YES;
				CLANG_WARN_DEPRECATED_OBJC_IMPLEMENTATIONS = YES;
				CLANG_WARN_DIRECT_OBJC_ISA_USAGE = YES_ERROR;
				CLANG_WARN_DOCUMENTATION_COMMENTS = YES;
				CLANG_WARN_EMPTY_BODY = YES;
				CLANG_WARN_ENUM_CONVERSION = YES;
				CLANG_WARN_INFINITE_RECURSION = YES;
				CLANG_WARN_INT_CONVERSION = YES;
				CLANG_WARN_NON_LITERAL_NULL_CONVERSION = YES;
				CLANG_WARN_OBJC_IMPLICIT_RETAIN_SELF = YES;
				CLANG_WARN_OBJC_LITERAL_CONVERSION = YES;
				CLANG_WARN_OBJC_ROOT_CLASS = YES_ERROR;
				CLANG_WARN_RANGE_LOOP_ANALYSIS = YES;
				CLANG_WARN_STRICT_PROTOTYPES = YES;
				CLANG_WARN_SUSPICIOUS_MOVE = YES;
				CLANG_WARN_UNGUARDED_AVAILABILITY = YES_AGGRESSIVE;
				CLANG_WARN_UNREACHABLE_CODE = YES;
				CLANG_WARN__DUPLICATE_METHOD_MATCH = YES;
				CODE_SIGN_IDENTITY = "iPhone Developer";
				COPY_PHASE_STRIP = NO;
				DEBUG_INFORMATION_FORMAT = "dwarf-with-dsym";
				ENABLE_NS_ASSERTIONS = NO;
				ENABLE_STRICT_OBJC_MSGSEND = YES;
				GCC_C_LANGUAGE_STANDARD = gnu11;
				GCC_NO_COMMON_BLOCKS = YES;
				GCC_WARN_64_TO_32_BIT_CONVERSION = YES;
				GCC_WARN_ABOUT_RETURN_TYPE = YES_ERROR;
				GCC_WARN_UNDECLARED_SELECTOR = YES;
				GCC_WARN_UNINITIALIZED_AUTOS = YES_AGGRESSIVE;
				GCC_WARN_UNUSED_FUNCTION = YES;
				GCC_WARN_UNUSED_VARIABLE = YES;
				IPHONEOS_DEPLOYMENT_TARGET = 11.4;
				MTL_ENABLE_DEBUG_INFO = NO;
				SDKROOT = iphoneos;
				SWIFT_COMPILATION_MODE = wholemodule;
				SWIFT_OPTIMIZATION_LEVEL = "-O";
				VALIDATE_PRODUCT = YES;
			};
			name = Release;
		};
		117B8B512142A94D009B832D /* Debug */ = {
			isa = XCBuildConfiguration;
			baseConfigurationReference = 6C92672D1A30AC05A3B7380E /* Pods-JokeGenerator.debug.xcconfig */;
			buildSettings = {
				ASSETCATALOG_COMPILER_APPICON_NAME = AppIcon;
				CODE_SIGN_STYLE = Automatic;
				DEVELOPMENT_TEAM = 6ERFXK3A57;
				INFOPLIST_FILE = JokeGenerator/Info.plist;
				LD_RUNPATH_SEARCH_PATHS = (
					"$(inherited)",
					"@executable_path/Frameworks",
				);
				PRODUCT_BUNDLE_IDENTIFIER = "Nikita-Kostash.JokeGenerator";
				PRODUCT_NAME = "$(TARGET_NAME)";
				SWIFT_VERSION = 4.0;
				TARGETED_DEVICE_FAMILY = "1,2";
			};
			name = Debug;
		};
		117B8B522142A94D009B832D /* Release */ = {
			isa = XCBuildConfiguration;
			baseConfigurationReference = 0255D7C9827E618BF15218AC /* Pods-JokeGenerator.release.xcconfig */;
			buildSettings = {
				ASSETCATALOG_COMPILER_APPICON_NAME = AppIcon;
				CODE_SIGN_STYLE = Automatic;
				DEVELOPMENT_TEAM = 6ERFXK3A57;
				INFOPLIST_FILE = JokeGenerator/Info.plist;
				LD_RUNPATH_SEARCH_PATHS = (
					"$(inherited)",
					"@executable_path/Frameworks",
				);
				PRODUCT_BUNDLE_IDENTIFIER = "Nikita-Kostash.JokeGenerator";
				PRODUCT_NAME = "$(TARGET_NAME)";
				SWIFT_VERSION = 4.0;
				TARGETED_DEVICE_FAMILY = "1,2";
			};
			name = Release;
		};
/* End XCBuildConfiguration section */

/* Begin XCConfigurationList section */
		117B8B392142A94B009B832D /* Build configuration list for PBXProject "JokeGenerator" */ = {
			isa = XCConfigurationList;
			buildConfigurations = (
				117B8B4E2142A94D009B832D /* Debug */,
				117B8B4F2142A94D009B832D /* Release */,
			);
			defaultConfigurationIsVisible = 0;
			defaultConfigurationName = Release;
		};
		117B8B502142A94D009B832D /* Build configuration list for PBXNativeTarget "JokeGenerator" */ = {
			isa = XCConfigurationList;
			buildConfigurations = (
				117B8B512142A94D009B832D /* Debug */,
				117B8B522142A94D009B832D /* Release */,
			);
			defaultConfigurationIsVisible = 0;
			defaultConfigurationName = Release;
		};
/* End XCConfigurationList section */
	};
	rootObject = 117B8B362142A94B009B832D /* Project object */;
}
